
Microsoft Visual Studio Solution File, Format Version 12.00
# Visual Studio 14
VisualStudioVersion = 14.0.25420.1
MinimumVisualStudioVersion = 10.0.40219.1
Project("{FAE04EC0-301F-11D3-BF4B-00C04F79EFBC}") = "CodeListener", "CodeListener\CodeListener.csproj", "{8C4235B6-64BC-4508-9166-BEF8AA151085}"
EndProject
Global
	GlobalSection(SolutionConfigurationPlatforms) = preSolution
		Debug (Rhino 5)|Any CPU = Debug (Rhino 5)|Any CPU
		Debug (Rhino 5)|x64 = Debug (Rhino 5)|x64
		Debug (Rhino 5)|x86 = Debug (Rhino 5)|x86
		Debug (Rhino 6)|Any CPU = Debug (Rhino 6)|Any CPU
		Debug (Rhino 6)|x64 = Debug (Rhino 6)|x64
		Debug (Rhino 6)|x86 = Debug (Rhino 6)|x86
		Release (Rhino 5)|Any CPU = Release (Rhino 5)|Any CPU
		Release (Rhino 5)|x64 = Release (Rhino 5)|x64
		Release (Rhino 5)|x86 = Release (Rhino 5)|x86
		Release (Rhino 6)|Any CPU = Release (Rhino 6)|Any CPU
		Release (Rhino 6)|x64 = Release (Rhino 6)|x64
		Release (Rhino 6)|x86 = Release (Rhino 6)|x86
	EndGlobalSection
	GlobalSection(ProjectConfigurationPlatforms) = postSolution
		{8C4235B6-64BC-4508-9166-BEF8AA151085}.Debug (Rhino 5)|Any CPU.ActiveCfg = Debug (Rhino 5)|Any CPU
		{8C4235B6-64BC-4508-9166-BEF8AA151085}.Debug (Rhino 5)|Any CPU.Build.0 = Debug (Rhino 5)|Any CPU
		{8C4235B6-64BC-4508-9166-BEF8AA151085}.Debug (Rhino 5)|x64.ActiveCfg = Debug (Rhino 5)|Any CPU
		{8C4235B6-64BC-4508-9166-BEF8AA151085}.Debug (Rhino 5)|x64.Build.0 = Debug (Rhino 5)|Any CPU
		{8C4235B6-64BC-4508-9166-BEF8AA151085}.Debug (Rhino 5)|x86.ActiveCfg = Debug (Rhino 5)|Any CPU
		{8C4235B6-64BC-4508-9166-BEF8AA151085}.Debug (Rhino 5)|x86.Build.0 = Debug (Rhino 5)|Any CPU
		{8C4235B6-64BC-4508-9166-BEF8AA151085}.Debug (Rhino 6)|Any CPU.ActiveCfg = Debug (Rhino 6)|Any CPU
		{8C4235B6-64BC-4508-9166-BEF8AA151085}.Debug (Rhino 6)|Any CPU.Build.0 = Debug (Rhino 6)|Any CPU
		{8C4235B6-64BC-4508-9166-BEF8AA151085}.Debug (Rhino 6)|x64.ActiveCfg = Debug (Rhino 6)|Any CPU
		{8C4235B6-64BC-4508-9166-BEF8AA151085}.Debug (Rhino 6)|x64.Build.0 = Debug (Rhino 6)|Any CPU
		{8C4235B6-64BC-4508-9166-BEF8AA151085}.Debug (Rhino 6)|x86.ActiveCfg = Debug (Rhino 6)|Any CPU
		{8C4235B6-64BC-4508-9166-BEF8AA151085}.Debug (Rhino 6)|x86.Build.0 = Debug (Rhino 6)|Any CPU
		{8C4235B6-64BC-4508-9166-BEF8AA151085}.Release (Rhino 5)|Any CPU.ActiveCfg = Release (Rhino 5)|Any CPU
		{8C4235B6-64BC-4508-9166-BEF8AA151085}.Release (Rhino 5)|Any CPU.Build.0 = Release (Rhino 5)|Any CPU
		{8C4235B6-64BC-4508-9166-BEF8AA151085}.Release (Rhino 5)|x64.ActiveCfg = Release (Rhino 5)|Any CPU
		{8C4235B6-64BC-4508-9166-BEF8AA151085}.Release (Rhino 5)|x64.Build.0 = Release (Rhino 5)|Any CPU
		{8C4235B6-64BC-4508-9166-BEF8AA151085}.Release (Rhino 5)|x86.ActiveCfg = Release (Rhino 5)|Any CPU
		{8C4235B6-64BC-4508-9166-BEF8AA151085}.Release (Rhino 5)|x86.Build.0 = Release (Rhino 5)|Any CPU
		{8C4235B6-64BC-4508-9166-BEF8AA151085}.Release (Rhino 6)|Any CPU.ActiveCfg = Release (Rhino 6)|Any CPU
		{8C4235B6-64BC-4508-9166-BEF8AA151085}.Release (Rhino 6)|Any CPU.Build.0 = Release (Rhino 6)|Any CPU
		{8C4235B6-64BC-4508-9166-BEF8AA151085}.Release (Rhino 6)|x64.ActiveCfg = Release (Rhino 6)|Any CPU
		{8C4235B6-64BC-4508-9166-BEF8AA151085}.Release (Rhino 6)|x64.Build.0 = Release (Rhino 6)|Any CPU
		{8C4235B6-64BC-4508-9166-BEF8AA151085}.Release (Rhino 6)|x86.ActiveCfg = Release (Rhino 6)|Any CPU
		{8C4235B6-64BC-4508-9166-BEF8AA151085}.Release (Rhino 6)|x86.Build.0 = Release (Rhino 6)|Any CPU
	EndGlobalSection
	GlobalSection(SolutionProperties) = preSolution
		HideSolutionNode = FALSE
	EndGlobalSection
	GlobalSection(ExtensibilityGlobals) = postSolution
		SolutionGuid = {E31AE304-E446-413F-8E04-99A913698FC6}
	EndGlobalSection
EndGlobal
